
Microsoft Visual Studio Solution File, Format Version 12.00
# Visual Studio Version 17
VisualStudioVersion = 17.5.002.0
MinimumVisualStudioVersion = 10.0.40219.1
Project("{9A19103F-16F7-4668-BE54-9A1E7A4F7556}") = "api_thomas_bush", "api_thomas_bush.csproj", "{FD1B1C01-C671-4D71-8A5E-1B61245B5F11}"
EndProject
Global
	GlobalSection(SolutionConfigurationPlatforms) = preSolution
		Debug|Any CPU = Debug|Any CPU
		Release|Any CPU = Release|Any CPU
	EndGlobalSection
	GlobalSection(ProjectConfigurationPlatforms) = postSolution
		{FD1B1C01-C671-4D71-8A5E-1B61245B5F11}.Debug|Any CPU.ActiveCfg = Debug|Any CPU
		{FD1B1C01-C671-4D71-8A5E-1B61245B5F11}.Debug|Any CPU.Build.0 = Debug|Any CPU
		{FD1B1C01-C671-4D71-8A5E-1B61245B5F11}.Release|Any CPU.ActiveCfg = Release|Any CPU
		{FD1B1C01-C671-4D71-8A5E-1B61245B5F11}.Release|Any CPU.Build.0 = Release|Any CPU
	EndGlobalSection
	GlobalSection(SolutionProperties) = preSolution
		HideSolutionNode = FALSE
	EndGlobalSection
	GlobalSection(ExtensibilityGlobals) = postSolution
		SolutionGuid = {75D0A037-9FE5-4829-8878-95684159ADBF}
	EndGlobalSection
EndGlobal
